
Microsoft Visual Studio Solution File, Format Version 12.00
# Visual Studio Version 17
VisualStudioVersion = 17.3.32901.215
MinimumVisualStudioVersion = 10.0.40219.1
Project("{9A19103F-16F7-4668-BE54-9A1E7A4F7556}") = "OuterWilds.SceneRecorder.WebUI", "OuterWilds.SceneRecorder.WebUI\OuterWilds.SceneRecorder.WebUI.csproj", "{B1A77442-BDEA-44DD-B2DE-5DB189C385EA}"
EndProject
Project("{9A19103F-16F7-4668-BE54-9A1E7A4F7556}") = "OuterWilds.SceneRecorder", "OuterWilds.SceneRecorder\OuterWilds.SceneRecorder.csproj", "{E6F0C5A3-D5F9-4F51-8CEB-1BE29C4C59E7}"
EndProject
Project("{FAE04EC0-301F-11D3-BF4B-00C04F79EFBC}") = "OuterWilds.SceneRecorder.HttpServer", "OuterWilds.SceneRecorder.HttpServer\OuterWilds.SceneRecorder.HttpServer.csproj", "{3B21F52E-3699-4A0C-8B3F-1D6056B3AC45}"
EndProject
Global
	GlobalSection(SolutionConfigurationPlatforms) = preSolution
		Debug|Any CPU = Debug|Any CPU
		Release|Any CPU = Release|Any CPU
	EndGlobalSection
	GlobalSection(ProjectConfigurationPlatforms) = postSolution
		{B1A77442-BDEA-44DD-B2DE-5DB189C385EA}.Debug|Any CPU.ActiveCfg = Debug|Any CPU
		{B1A77442-BDEA-44DD-B2DE-5DB189C385EA}.Debug|Any CPU.Build.0 = Debug|Any CPU
		{B1A77442-BDEA-44DD-B2DE-5DB189C385EA}.Release|Any CPU.ActiveCfg = Release|Any CPU
		{B1A77442-BDEA-44DD-B2DE-5DB189C385EA}.Release|Any CPU.Build.0 = Release|Any CPU
		{E6F0C5A3-D5F9-4F51-8CEB-1BE29C4C59E7}.Debug|Any CPU.ActiveCfg = Debug|Any CPU
		{E6F0C5A3-D5F9-4F51-8CEB-1BE29C4C59E7}.Debug|Any CPU.Build.0 = Debug|Any CPU
		{E6F0C5A3-D5F9-4F51-8CEB-1BE29C4C59E7}.Release|Any CPU.ActiveCfg = Release|Any CPU
		{E6F0C5A3-D5F9-4F51-8CEB-1BE29C4C59E7}.Release|Any CPU.Build.0 = Release|Any CPU
		{3B21F52E-3699-4A0C-8B3F-1D6056B3AC45}.Debug|Any CPU.ActiveCfg = Debug|Any CPU
		{3B21F52E-3699-4A0C-8B3F-1D6056B3AC45}.Debug|Any CPU.Build.0 = Debug|Any CPU
		{3B21F52E-3699-4A0C-8B3F-1D6056B3AC45}.Release|Any CPU.ActiveCfg = Release|Any CPU
		{3B21F52E-3699-4A0C-8B3F-1D6056B3AC45}.Release|Any CPU.Build.0 = Release|Any CPU
	EndGlobalSection
	GlobalSection(SolutionProperties) = preSolution
		HideSolutionNode = FALSE
	EndGlobalSection
	GlobalSection(ExtensibilityGlobals) = postSolution
		SolutionGuid = {A75678B8-8333-41B1-969E-81C4AB1D20F4}
	EndGlobalSection
EndGlobal
