
Microsoft Visual Studio Solution File, Format Version 12.00
# Visual Studio Version 17
VisualStudioVersion = 17.3.32901.215
MinimumVisualStudioVersion = 10.0.40219.1
Project("{9A19103F-16F7-4668-BE54-9A1E7A4F7556}") = "OuterWilds.SceneRecorder.WebUI", "OuterWilds.SceneRecorder.WebUI\OuterWilds.SceneRecorder.WebUI.csproj", "{B1A77442-BDEA-44DD-B2DE-5DB189C385EA}"
EndProject
Project("{9A19103F-16F7-4668-BE54-9A1E7A4F7556}") = "OuterWilds.SceneRecorder", "OuterWilds.SceneRecorder\OuterWilds.SceneRecorder.csproj", "{E6F0C5A3-D5F9-4F51-8CEB-1BE29C4C59E7}"
EndProject
Project("{9A19103F-16F7-4668-BE54-9A1E7A4F7556}") = "OuterWilds.SceneRecorder.Recording.FFmpeg", "OuterWilds.SceneRecorder.Recording.FFmpeg\OuterWilds.SceneRecorder.Recording.FFmpeg.csproj", "{ED2975EE-CC03-4CC7-8E04-747D88228C3F}"
EndProject
Project("{9A19103F-16F7-4668-BE54-9A1E7A4F7556}") = "OuterWilds.SceneRecorder.Http", "OuterWilds.SceneRecorder.Http\OuterWilds.SceneRecorder.Http.csproj", "{09EB3052-AC9B-4798-B035-B3C0E1FC8B29}"
EndProject
Project("{FAE04EC0-301F-11D3-BF4B-00C04F79EFBC}") = "OuterWilds.SceneRecorder.Recording", "OuterWilds.SceneRecorder.Recording\OuterWilds.SceneRecorder.Recording.csproj", "{5B465DBC-2690-4473-BD2F-1F68E3B9B9C3}"
EndProject
Project("{FAE04EC0-301F-11D3-BF4B-00C04F79EFBC}") = "OuterWilds.SceneRecorder.CompilerServices", "OuterWilds.SceneRecorder.CompilerServices\OuterWilds.SceneRecorder.CompilerServices.csproj", "{F1006A1B-3ACA-4B82-B9EA-FF1FBAA07A7B}"
EndProject
Global
	GlobalSection(SolutionConfigurationPlatforms) = preSolution
		Debug|Any CPU = Debug|Any CPU
		Release|Any CPU = Release|Any CPU
	EndGlobalSection
	GlobalSection(ProjectConfigurationPlatforms) = postSolution
		{B1A77442-BDEA-44DD-B2DE-5DB189C385EA}.Debug|Any CPU.ActiveCfg = Debug|Any CPU
		{B1A77442-BDEA-44DD-B2DE-5DB189C385EA}.Debug|Any CPU.Build.0 = Debug|Any CPU
		{B1A77442-BDEA-44DD-B2DE-5DB189C385EA}.Release|Any CPU.ActiveCfg = Release|Any CPU
		{B1A77442-BDEA-44DD-B2DE-5DB189C385EA}.Release|Any CPU.Build.0 = Release|Any CPU
		{E6F0C5A3-D5F9-4F51-8CEB-1BE29C4C59E7}.Debug|Any CPU.ActiveCfg = Debug|Any CPU
		{E6F0C5A3-D5F9-4F51-8CEB-1BE29C4C59E7}.Debug|Any CPU.Build.0 = Debug|Any CPU
		{E6F0C5A3-D5F9-4F51-8CEB-1BE29C4C59E7}.Release|Any CPU.ActiveCfg = Release|Any CPU
		{E6F0C5A3-D5F9-4F51-8CEB-1BE29C4C59E7}.Release|Any CPU.Build.0 = Release|Any CPU
		{ED2975EE-CC03-4CC7-8E04-747D88228C3F}.Debug|Any CPU.ActiveCfg = Debug|Any CPU
		{ED2975EE-CC03-4CC7-8E04-747D88228C3F}.Debug|Any CPU.Build.0 = Debug|Any CPU
		{ED2975EE-CC03-4CC7-8E04-747D88228C3F}.Release|Any CPU.ActiveCfg = Release|Any CPU
		{ED2975EE-CC03-4CC7-8E04-747D88228C3F}.Release|Any CPU.Build.0 = Release|Any CPU
		{09EB3052-AC9B-4798-B035-B3C0E1FC8B29}.Debug|Any CPU.ActiveCfg = Debug|Any CPU
		{09EB3052-AC9B-4798-B035-B3C0E1FC8B29}.Debug|Any CPU.Build.0 = Debug|Any CPU
		{09EB3052-AC9B-4798-B035-B3C0E1FC8B29}.Release|Any CPU.ActiveCfg = Release|Any CPU
		{09EB3052-AC9B-4798-B035-B3C0E1FC8B29}.Release|Any CPU.Build.0 = Release|Any CPU
		{5B465DBC-2690-4473-BD2F-1F68E3B9B9C3}.Debug|Any CPU.ActiveCfg = Debug|Any CPU
		{5B465DBC-2690-4473-BD2F-1F68E3B9B9C3}.Debug|Any CPU.Build.0 = Debug|Any CPU
		{5B465DBC-2690-4473-BD2F-1F68E3B9B9C3}.Release|Any CPU.ActiveCfg = Release|Any CPU
		{5B465DBC-2690-4473-BD2F-1F68E3B9B9C3}.Release|Any CPU.Build.0 = Release|Any CPU
		{F1006A1B-3ACA-4B82-B9EA-FF1FBAA07A7B}.Debug|Any CPU.ActiveCfg = Debug|Any CPU
		{F1006A1B-3ACA-4B82-B9EA-FF1FBAA07A7B}.Debug|Any CPU.Build.0 = Debug|Any CPU
		{F1006A1B-3ACA-4B82-B9EA-FF1FBAA07A7B}.Release|Any CPU.ActiveCfg = Release|Any CPU
		{F1006A1B-3ACA-4B82-B9EA-FF1FBAA07A7B}.Release|Any CPU.Build.0 = Release|Any CPU
	EndGlobalSection
	GlobalSection(SolutionProperties) = preSolution
		HideSolutionNode = FALSE
	EndGlobalSection
	GlobalSection(ExtensibilityGlobals) = postSolution
		SolutionGuid = {A75678B8-8333-41B1-969E-81C4AB1D20F4}
	EndGlobalSection
EndGlobal
