
Microsoft Visual Studio Solution File, Format Version 12.00
# Visual Studio Version 17
VisualStudioVersion = 17.3.32901.215
MinimumVisualStudioVersion = 10.0.40219.1
Project("{9A19103F-16F7-4668-BE54-9A1E7A4F7556}") = "SceneRecorder", "SceneRecorder\SceneRecorder.csproj", "{35DEC046-59DB-4E69-B244-E34A6039FA4F}"
EndProject
Project("{9A19103F-16F7-4668-BE54-9A1E7A4F7556}") = "SceneRecorder.CompilerServices", "SceneRecorder.CompilerServices\SceneRecorder.CompilerServices.csproj", "{40BF7CA9-092E-403A-9FE4-771FCEEE3C32}"
EndProject
Project("{9A19103F-16F7-4668-BE54-9A1E7A4F7556}") = "SceneRecorder.Recording", "SceneRecorder.Recording\SceneRecorder.Recording.csproj", "{4B647BE3-0DA9-4823-86EB-049C1D49C64D}"
EndProject
Project("{9A19103F-16F7-4668-BE54-9A1E7A4F7556}") = "SceneRecorder.Recording.FFmpeg", "SceneRecorder.Recording.FFmpeg\SceneRecorder.Recording.FFmpeg.csproj", "{7C8A5C12-9886-4B9A-9C65-2CAE0EEE3221}"
EndProject
Project("{9A19103F-16F7-4668-BE54-9A1E7A4F7556}") = "SceneRecorder.Models", "SceneRecorder.Models\SceneRecorder.Models.csproj", "{AA4EE7CA-95A7-4654-8571-51331C050B8E}"
EndProject
Project("{9A19103F-16F7-4668-BE54-9A1E7A4F7556}") = "SceneRecorder.BodyMeshExport", "SceneRecorder.BodyMeshExport\SceneRecorder.BodyMeshExport.csproj", "{89C966BB-C8AE-44B6-B3C1-03537AC80183}"
EndProject
Project("{9A19103F-16F7-4668-BE54-9A1E7A4F7556}") = "SceneRecorder.WebUI.BlazorApp", "SceneRecorder.WebUI.BlazorApp\SceneRecorder.WebUI.BlazorApp.csproj", "{4DCF7E2B-B217-465C-8A99-E2C48F5B6091}"
EndProject
Project("{9A19103F-16F7-4668-BE54-9A1E7A4F7556}") = "SceneRecorder.WebUI", "SceneRecorder.WebUI\SceneRecorder.WebUI.csproj", "{A61996C6-49BC-4A11-856C-D51C4C963CA2}"
EndProject
Project("{9A19103F-16F7-4668-BE54-9A1E7A4F7556}") = "SceneRecorder.WebApi", "SceneRecorder.WebApi\SceneRecorder.WebApi.csproj", "{9ECB2436-87B7-40E6-A862-FE1F8E3BB45D}"
EndProject
Global
	GlobalSection(SolutionConfigurationPlatforms) = preSolution
		Debug|Any CPU = Debug|Any CPU
		Release|Any CPU = Release|Any CPU
	EndGlobalSection
	GlobalSection(ProjectConfigurationPlatforms) = postSolution
		{35DEC046-59DB-4E69-B244-E34A6039FA4F}.Debug|Any CPU.ActiveCfg = Debug|Any CPU
		{35DEC046-59DB-4E69-B244-E34A6039FA4F}.Debug|Any CPU.Build.0 = Debug|Any CPU
		{35DEC046-59DB-4E69-B244-E34A6039FA4F}.Release|Any CPU.ActiveCfg = Release|Any CPU
		{35DEC046-59DB-4E69-B244-E34A6039FA4F}.Release|Any CPU.Build.0 = Release|Any CPU
		{40BF7CA9-092E-403A-9FE4-771FCEEE3C32}.Debug|Any CPU.ActiveCfg = Debug|Any CPU
		{40BF7CA9-092E-403A-9FE4-771FCEEE3C32}.Debug|Any CPU.Build.0 = Debug|Any CPU
		{40BF7CA9-092E-403A-9FE4-771FCEEE3C32}.Release|Any CPU.ActiveCfg = Release|Any CPU
		{40BF7CA9-092E-403A-9FE4-771FCEEE3C32}.Release|Any CPU.Build.0 = Release|Any CPU
		{4B647BE3-0DA9-4823-86EB-049C1D49C64D}.Debug|Any CPU.ActiveCfg = Debug|Any CPU
		{4B647BE3-0DA9-4823-86EB-049C1D49C64D}.Debug|Any CPU.Build.0 = Debug|Any CPU
		{4B647BE3-0DA9-4823-86EB-049C1D49C64D}.Release|Any CPU.ActiveCfg = Release|Any CPU
		{4B647BE3-0DA9-4823-86EB-049C1D49C64D}.Release|Any CPU.Build.0 = Release|Any CPU
		{7C8A5C12-9886-4B9A-9C65-2CAE0EEE3221}.Debug|Any CPU.ActiveCfg = Debug|Any CPU
		{7C8A5C12-9886-4B9A-9C65-2CAE0EEE3221}.Debug|Any CPU.Build.0 = Debug|Any CPU
		{7C8A5C12-9886-4B9A-9C65-2CAE0EEE3221}.Release|Any CPU.ActiveCfg = Release|Any CPU
		{7C8A5C12-9886-4B9A-9C65-2CAE0EEE3221}.Release|Any CPU.Build.0 = Release|Any CPU
		{AA4EE7CA-95A7-4654-8571-51331C050B8E}.Debug|Any CPU.ActiveCfg = Debug|Any CPU
		{AA4EE7CA-95A7-4654-8571-51331C050B8E}.Debug|Any CPU.Build.0 = Debug|Any CPU
		{AA4EE7CA-95A7-4654-8571-51331C050B8E}.Release|Any CPU.ActiveCfg = Release|Any CPU
		{AA4EE7CA-95A7-4654-8571-51331C050B8E}.Release|Any CPU.Build.0 = Release|Any CPU
		{89C966BB-C8AE-44B6-B3C1-03537AC80183}.Debug|Any CPU.ActiveCfg = Debug|Any CPU
		{89C966BB-C8AE-44B6-B3C1-03537AC80183}.Debug|Any CPU.Build.0 = Debug|Any CPU
		{89C966BB-C8AE-44B6-B3C1-03537AC80183}.Release|Any CPU.ActiveCfg = Release|Any CPU
		{89C966BB-C8AE-44B6-B3C1-03537AC80183}.Release|Any CPU.Build.0 = Release|Any CPU
		{4DCF7E2B-B217-465C-8A99-E2C48F5B6091}.Debug|Any CPU.ActiveCfg = Debug|Any CPU
		{4DCF7E2B-B217-465C-8A99-E2C48F5B6091}.Debug|Any CPU.Build.0 = Debug|Any CPU
		{4DCF7E2B-B217-465C-8A99-E2C48F5B6091}.Release|Any CPU.ActiveCfg = Release|Any CPU
		{4DCF7E2B-B217-465C-8A99-E2C48F5B6091}.Release|Any CPU.Build.0 = Release|Any CPU
		{A61996C6-49BC-4A11-856C-D51C4C963CA2}.Debug|Any CPU.ActiveCfg = Debug|Any CPU
		{A61996C6-49BC-4A11-856C-D51C4C963CA2}.Debug|Any CPU.Build.0 = Debug|Any CPU
		{A61996C6-49BC-4A11-856C-D51C4C963CA2}.Release|Any CPU.ActiveCfg = Release|Any CPU
		{A61996C6-49BC-4A11-856C-D51C4C963CA2}.Release|Any CPU.Build.0 = Release|Any CPU
		{9ECB2436-87B7-40E6-A862-FE1F8E3BB45D}.Debug|Any CPU.ActiveCfg = Debug|Any CPU
		{9ECB2436-87B7-40E6-A862-FE1F8E3BB45D}.Debug|Any CPU.Build.0 = Debug|Any CPU
		{9ECB2436-87B7-40E6-A862-FE1F8E3BB45D}.Release|Any CPU.ActiveCfg = Release|Any CPU
		{9ECB2436-87B7-40E6-A862-FE1F8E3BB45D}.Release|Any CPU.Build.0 = Release|Any CPU
	EndGlobalSection
	GlobalSection(SolutionProperties) = preSolution
		HideSolutionNode = FALSE
	EndGlobalSection
	GlobalSection(ExtensibilityGlobals) = postSolution
		SolutionGuid = {A75678B8-8333-41B1-969E-81C4AB1D20F4}
	EndGlobalSection
EndGlobal
